
Microsoft Visual Studio Solution File, Format Version 12.00
# Visual Studio Version 17
VisualStudioVersion = 17.5.002.0
MinimumVisualStudioVersion = 10.0.40219.1
Project("{9A19103F-16F7-4668-BE54-9A1E7A4F7556}") = "LearningAPI", "LearningAPI.csproj", "{FE529146-16CA-4217-92C7-EEE20EBD7172}"
EndProject
Global
	GlobalSection(SolutionConfigurationPlatforms) = preSolution
		Debug|Any CPU = Debug|Any CPU
		Release|Any CPU = Release|Any CPU
	EndGlobalSection
	GlobalSection(ProjectConfigurationPlatforms) = postSolution
		{FE529146-16CA-4217-92C7-EEE20EBD7172}.Debug|Any CPU.ActiveCfg = Debug|Any CPU
		{FE529146-16CA-4217-92C7-EEE20EBD7172}.Debug|Any CPU.Build.0 = Debug|Any CPU
		{FE529146-16CA-4217-92C7-EEE20EBD7172}.Release|Any CPU.ActiveCfg = Release|Any CPU
		{FE529146-16CA-4217-92C7-EEE20EBD7172}.Release|Any CPU.Build.0 = Release|Any CPU
	EndGlobalSection
	GlobalSection(SolutionProperties) = preSolution
		HideSolutionNode = FALSE
	EndGlobalSection
	GlobalSection(ExtensibilityGlobals) = postSolution
		SolutionGuid = {67903463-831E-4984-BE24-93D35D72B2C4}
	EndGlobalSection
EndGlobal
